// !$*UTF8*$!
{
	archiveVersion = 1;
	classes = {
	};
	objectVersion = 46;
	objects = {

/* Begin PBXBuildFile section */
		302908AE1C160A5800F748C4 /* RecyclingCenter.framework in Frameworks */ = {isa = PBXBuildFile; fileRef = 303B27D61C121E5A0003795C /* RecyclingCenter.framework */; };
		302908B41C160BAE00F748C4 /* RecyclingCenterTests.swift in Sources */ = {isa = PBXBuildFile; fileRef = 3029089F1C16095A00F748C4 /* RecyclingCenterTests.swift */; };
		303B27DA1C121E5A0003795C /* RecyclingCenter.h in Headers */ = {isa = PBXBuildFile; fileRef = 303B27D91C121E5A0003795C /* RecyclingCenter.h */; settings = {ATTRIBUTES = (Public, ); }; };
		303B27E31C121E970003795C /* RecyclingCenter.swift in Sources */ = {isa = PBXBuildFile; fileRef = 303B27E21C121E970003795C /* RecyclingCenter.swift */; };
		303B27E61C121EF60003795C /* RecyclingCenter.swift in Sources */ = {isa = PBXBuildFile; fileRef = 303B27E21C121E970003795C /* RecyclingCenter.swift */; };
		303B27E91C121EF60003795C /* RecyclingCenter.h in Headers */ = {isa = PBXBuildFile; fileRef = 303B27D91C121E5A0003795C /* RecyclingCenter.h */; settings = {ATTRIBUTES = (Public, ); }; };
/* End PBXBuildFile section */

/* Begin PBXContainerItemProxy section */
		302908AF1C160A5800F748C4 /* PBXContainerItemProxy */ = {
			isa = PBXContainerItemProxy;
			containerPortal = 303B27CD1C121E5A0003795C /* Project object */;
			proxyType = 1;
			remoteGlobalIDString = 303B27D51C121E5A0003795C;
			remoteInfo = "RecyclingCenter-iOS";
		};
/* End PBXContainerItemProxy section */

/* Begin PBXFileReference section */
		3029089F1C16095A00F748C4 /* RecyclingCenterTests.swift */ = {isa = PBXFileReference; lastKnownFileType = sourcecode.swift; path = RecyclingCenterTests.swift; sourceTree = "<group>"; };
		302908A11C16095A00F748C4 /* Info.plist */ = {isa = PBXFileReference; lastKnownFileType = text.plist.xml; path = Info.plist; sourceTree = "<group>"; };
		302908A91C160A5800F748C4 /* RecyclingCenterTests.xctest */ = {isa = PBXFileReference; explicitFileType = wrapper.cfbundle; includeInIndex = 0; path = RecyclingCenterTests.xctest; sourceTree = BUILT_PRODUCTS_DIR; };
		303B27D61C121E5A0003795C /* RecyclingCenter.framework */ = {isa = PBXFileReference; explicitFileType = wrapper.framework; includeInIndex = 0; path = RecyclingCenter.framework; sourceTree = BUILT_PRODUCTS_DIR; };
		303B27D91C121E5A0003795C /* RecyclingCenter.h */ = {isa = PBXFileReference; lastKnownFileType = sourcecode.c.h; path = RecyclingCenter.h; sourceTree = "<group>"; };
		303B27DB1C121E5A0003795C /* Info-iOS.plist */ = {isa = PBXFileReference; lastKnownFileType = text.plist.xml; path = "Info-iOS.plist"; sourceTree = "<group>"; };
		303B27E21C121E970003795C /* RecyclingCenter.swift */ = {isa = PBXFileReference; fileEncoding = 4; lastKnownFileType = sourcecode.swift; path = RecyclingCenter.swift; sourceTree = "<group>"; };
		303B27EE1C121EF60003795C /* RecyclingCenter.framework */ = {isa = PBXFileReference; explicitFileType = wrapper.framework; includeInIndex = 0; path = RecyclingCenter.framework; sourceTree = BUILT_PRODUCTS_DIR; };
		303B27EF1C121EF60003795C /* Info-tvOS.plist */ = {isa = PBXFileReference; lastKnownFileType = text.plist.xml; name = "Info-tvOS.plist"; path = "/Volumes/Storage/Projects/Nuudles/RecyclingCenter/Info-tvOS.plist"; sourceTree = "<absolute>"; };
/* End PBXFileReference section */

/* Begin PBXFrameworksBuildPhase section */
		302908A61C160A5800F748C4 /* Frameworks */ = {
			isa = PBXFrameworksBuildPhase;
			buildActionMask = 2147483647;
			files = (
				302908AE1C160A5800F748C4 /* RecyclingCenter.framework in Frameworks */,
			);
			runOnlyForDeploymentPostprocessing = 0;
		};
		303B27D21C121E5A0003795C /* Frameworks */ = {
			isa = PBXFrameworksBuildPhase;
			buildActionMask = 2147483647;
			files = (
			);
			runOnlyForDeploymentPostprocessing = 0;
		};
		303B27E71C121EF60003795C /* Frameworks */ = {
			isa = PBXFrameworksBuildPhase;
			buildActionMask = 2147483647;
			files = (
			);
			runOnlyForDeploymentPostprocessing = 0;
		};
/* End PBXFrameworksBuildPhase section */

/* Begin PBXGroup section */
		3029089E1C16095A00F748C4 /* RecyclingCenterTests */ = {
			isa = PBXGroup;
			children = (
				3029089F1C16095A00F748C4 /* RecyclingCenterTests.swift */,
				302908A11C16095A00F748C4 /* Info.plist */,
			);
			path = RecyclingCenterTests;
			sourceTree = "<group>";
		};
		303B27CC1C121E5A0003795C = {
			isa = PBXGroup;
			children = (
				303B27E11C121E970003795C /* Source */,
				303B27D81C121E5A0003795C /* RecyclingCenter */,
				3029089E1C16095A00F748C4 /* RecyclingCenterTests */,
				303B27D71C121E5A0003795C /* Products */,
			);
			sourceTree = "<group>";
		};
		303B27D71C121E5A0003795C /* Products */ = {
			isa = PBXGroup;
			children = (
				303B27D61C121E5A0003795C /* RecyclingCenter.framework */,
				303B27EE1C121EF60003795C /* RecyclingCenter.framework */,
				302908A91C160A5800F748C4 /* RecyclingCenterTests.xctest */,
			);
			name = Products;
			sourceTree = "<group>";
		};
		303B27D81C121E5A0003795C /* RecyclingCenter */ = {
			isa = PBXGroup;
			children = (
				303B27D91C121E5A0003795C /* RecyclingCenter.h */,
				303B27DB1C121E5A0003795C /* Info-iOS.plist */,
				303B27EF1C121EF60003795C /* Info-tvOS.plist */,
			);
			path = RecyclingCenter;
			sourceTree = "<group>";
		};
		303B27E11C121E970003795C /* Source */ = {
			isa = PBXGroup;
			children = (
				303B27E21C121E970003795C /* RecyclingCenter.swift */,
			);
			path = Source;
			sourceTree = "<group>";
		};
/* End PBXGroup section */

/* Begin PBXHeadersBuildPhase section */
		303B27D31C121E5A0003795C /* Headers */ = {
			isa = PBXHeadersBuildPhase;
			buildActionMask = 2147483647;
			files = (
				303B27DA1C121E5A0003795C /* RecyclingCenter.h in Headers */,
			);
			runOnlyForDeploymentPostprocessing = 0;
		};
		303B27E81C121EF60003795C /* Headers */ = {
			isa = PBXHeadersBuildPhase;
			buildActionMask = 2147483647;
			files = (
				303B27E91C121EF60003795C /* RecyclingCenter.h in Headers */,
			);
			runOnlyForDeploymentPostprocessing = 0;
		};
/* End PBXHeadersBuildPhase section */

/* Begin PBXNativeTarget section */
		302908A81C160A5800F748C4 /* RecyclingCenterTests */ = {
			isa = PBXNativeTarget;
			buildConfigurationList = 302908B11C160A5800F748C4 /* Build configuration list for PBXNativeTarget "RecyclingCenterTests" */;
			buildPhases = (
				302908A51C160A5800F748C4 /* Sources */,
				302908A61C160A5800F748C4 /* Frameworks */,
				302908A71C160A5800F748C4 /* Resources */,
			);
			buildRules = (
			);
			dependencies = (
				302908B01C160A5800F748C4 /* PBXTargetDependency */,
			);
			name = RecyclingCenterTests;
			productName = RecyclingCenterTests;
			productReference = 302908A91C160A5800F748C4 /* RecyclingCenterTests.xctest */;
			productType = "com.apple.product-type.bundle.unit-test";
		};
		303B27D51C121E5A0003795C /* RecyclingCenter-iOS */ = {
			isa = PBXNativeTarget;
			buildConfigurationList = 303B27DE1C121E5A0003795C /* Build configuration list for PBXNativeTarget "RecyclingCenter-iOS" */;
			buildPhases = (
				303B27D11C121E5A0003795C /* Sources */,
				303B27D21C121E5A0003795C /* Frameworks */,
				303B27D31C121E5A0003795C /* Headers */,
				303B27D41C121E5A0003795C /* Resources */,
			);
			buildRules = (
			);
			dependencies = (
			);
			name = "RecyclingCenter-iOS";
			productName = RecyclingCenter;
			productReference = 303B27D61C121E5A0003795C /* RecyclingCenter.framework */;
			productType = "com.apple.product-type.framework";
		};
		303B27E41C121EF60003795C /* RecyclingCenter-tvOS */ = {
			isa = PBXNativeTarget;
			buildConfigurationList = 303B27EB1C121EF60003795C /* Build configuration list for PBXNativeTarget "RecyclingCenter-tvOS" */;
			buildPhases = (
				303B27E51C121EF60003795C /* Sources */,
				303B27E71C121EF60003795C /* Frameworks */,
				303B27E81C121EF60003795C /* Headers */,
				303B27EA1C121EF60003795C /* Resources */,
			);
			buildRules = (
			);
			dependencies = (
			);
			name = "RecyclingCenter-tvOS";
			productName = RecyclingCenter;
			productReference = 303B27EE1C121EF60003795C /* RecyclingCenter.framework */;
			productType = "com.apple.product-type.framework";
		};
/* End PBXNativeTarget section */

/* Begin PBXProject section */
		303B27CD1C121E5A0003795C /* Project object */ = {
			isa = PBXProject;
			attributes = {
				LastSwiftUpdateCheck = 0710;
				LastUpgradeCheck = 1130;
				ORGANIZATIONNAME = Nuudles;
				TargetAttributes = {
					302908A81C160A5800F748C4 = {
						CreatedOnToolsVersion = 7.1.1;
					};
					303B27D51C121E5A0003795C = {
						CreatedOnToolsVersion = 7.1.1;
					};
				};
			};
			buildConfigurationList = 303B27D01C121E5A0003795C /* Build configuration list for PBXProject "RecyclingCenter" */;
			compatibilityVersion = "Xcode 3.2";
			developmentRegion = en;
			hasScannedForEncodings = 0;
			knownRegions = (
				en,
				Base,
			);
			mainGroup = 303B27CC1C121E5A0003795C;
			productRefGroup = 303B27D71C121E5A0003795C /* Products */;
			projectDirPath = "";
			projectRoot = "";
			targets = (
				303B27D51C121E5A0003795C /* RecyclingCenter-iOS */,
				303B27E41C121EF60003795C /* RecyclingCenter-tvOS */,
				302908A81C160A5800F748C4 /* RecyclingCenterTests */,
			);
		};
/* End PBXProject section */

/* Begin PBXResourcesBuildPhase section */
		302908A71C160A5800F748C4 /* Resources */ = {
			isa = PBXResourcesBuildPhase;
			buildActionMask = 2147483647;
			files = (
			);
			runOnlyForDeploymentPostprocessing = 0;
		};
		303B27D41C121E5A0003795C /* Resources */ = {
			isa = PBXResourcesBuildPhase;
			buildActionMask = 2147483647;
			files = (
			);
			runOnlyForDeploymentPostprocessing = 0;
		};
		303B27EA1C121EF60003795C /* Resources */ = {
			isa = PBXResourcesBuildPhase;
			buildActionMask = 2147483647;
			files = (
			);
			runOnlyForDeploymentPostprocessing = 0;
		};
/* End PBXResourcesBuildPhase section */

/* Begin PBXSourcesBuildPhase section */
		302908A51C160A5800F748C4 /* Sources */ = {
			isa = PBXSourcesBuildPhase;
			buildActionMask = 2147483647;
			files = (
				302908B41C160BAE00F748C4 /* RecyclingCenterTests.swift in Sources */,
			);
			runOnlyForDeploymentPostprocessing = 0;
		};
		303B27D11C121E5A0003795C /* Sources */ = {
			isa = PBXSourcesBuildPhase;
			buildActionMask = 2147483647;
			files = (
				303B27E31C121E970003795C /* RecyclingCenter.swift in Sources */,
			);
			runOnlyForDeploymentPostprocessing = 0;
		};
		303B27E51C121EF60003795C /* Sources */ = {
			isa = PBXSourcesBuildPhase;
			buildActionMask = 2147483647;
			files = (
				303B27E61C121EF60003795C /* RecyclingCenter.swift in Sources */,
			);
			runOnlyForDeploymentPostprocessing = 0;
		};
/* End PBXSourcesBuildPhase section */

/* Begin PBXTargetDependency section */
		302908B01C160A5800F748C4 /* PBXTargetDependency */ = {
			isa = PBXTargetDependency;
			target = 303B27D51C121E5A0003795C /* RecyclingCenter-iOS */;
			targetProxy = 302908AF1C160A5800F748C4 /* PBXContainerItemProxy */;
		};
/* End PBXTargetDependency section */

/* Begin XCBuildConfiguration section */
		302908B21C160A5800F748C4 /* Debug */ = {
			isa = XCBuildConfiguration;
			buildSettings = {
				INFOPLIST_FILE = RecyclingCenterTests/Info.plist;
				LD_RUNPATH_SEARCH_PATHS = "$(inherited) @executable_path/Frameworks @loader_path/Frameworks";
				PRODUCT_BUNDLE_IDENTIFIER = com.nuudles.RecyclingCenterTests;
				PRODUCT_NAME = "$(TARGET_NAME)";
			};
			name = Debug;
		};
		302908B31C160A5800F748C4 /* Release */ = {
			isa = XCBuildConfiguration;
			buildSettings = {
				INFOPLIST_FILE = RecyclingCenterTests/Info.plist;
				LD_RUNPATH_SEARCH_PATHS = "$(inherited) @executable_path/Frameworks @loader_path/Frameworks";
				PRODUCT_BUNDLE_IDENTIFIER = com.nuudles.RecyclingCenterTests;
				PRODUCT_NAME = "$(TARGET_NAME)";
			};
			name = Release;
		};
		303B27DC1C121E5A0003795C /* Debug */ = {
			isa = XCBuildConfiguration;
			buildSettings = {
				ALWAYS_SEARCH_USER_PATHS = NO;
				CLANG_ANALYZER_LOCALIZABILITY_NONLOCALIZED = YES;
				CLANG_CXX_LANGUAGE_STANDARD = "gnu++0x";
				CLANG_CXX_LIBRARY = "libc++";
				CLANG_ENABLE_MODULES = YES;
				CLANG_ENABLE_OBJC_ARC = YES;
				CLANG_WARN_BLOCK_CAPTURE_AUTORELEASING = YES;
				CLANG_WARN_BOOL_CONVERSION = YES;
				CLANG_WARN_COMMA = YES;
				CLANG_WARN_CONSTANT_CONVERSION = YES;
				CLANG_WARN_DEPRECATED_OBJC_IMPLEMENTATIONS = YES;
				CLANG_WARN_DIRECT_OBJC_ISA_USAGE = YES_ERROR;
				CLANG_WARN_EMPTY_BODY = YES;
				CLANG_WARN_ENUM_CONVERSION = YES;
				CLANG_WARN_INFINITE_RECURSION = YES;
				CLANG_WARN_INT_CONVERSION = YES;
				CLANG_WARN_NON_LITERAL_NULL_CONVERSION = YES;
				CLANG_WARN_OBJC_IMPLICIT_RETAIN_SELF = YES;
				CLANG_WARN_OBJC_LITERAL_CONVERSION = YES;
				CLANG_WARN_OBJC_ROOT_CLASS = YES_ERROR;
				CLANG_WARN_RANGE_LOOP_ANALYSIS = YES;
				CLANG_WARN_STRICT_PROTOTYPES = YES;
				CLANG_WARN_SUSPICIOUS_MOVE = YES;
				CLANG_WARN_UNREACHABLE_CODE = YES;
				CLANG_WARN__DUPLICATE_METHOD_MATCH = YES;
				"CODE_SIGN_IDENTITY[sdk=iphoneos*]" = "iPhone Developer";
				COPY_PHASE_STRIP = NO;
				CURRENT_PROJECT_VERSION = 1;
				DEBUG_INFORMATION_FORMAT = dwarf;
				ENABLE_STRICT_OBJC_MSGSEND = YES;
				ENABLE_TESTABILITY = YES;
				GCC_C_LANGUAGE_STANDARD = gnu99;
				GCC_DYNAMIC_NO_PIC = NO;
				GCC_NO_COMMON_BLOCKS = YES;
				GCC_OPTIMIZATION_LEVEL = 0;
				GCC_PREPROCESSOR_DEFINITIONS = (
					"DEBUG=1",
					"$(inherited)",
				);
				GCC_WARN_64_TO_32_BIT_CONVERSION = YES;
				GCC_WARN_ABOUT_RETURN_TYPE = YES_ERROR;
				GCC_WARN_UNDECLARED_SELECTOR = YES;
				GCC_WARN_UNINITIALIZED_AUTOS = YES_AGGRESSIVE;
				GCC_WARN_UNUSED_FUNCTION = YES;
				GCC_WARN_UNUSED_VARIABLE = YES;
				IPHONEOS_DEPLOYMENT_TARGET = 9.1;
				MTL_ENABLE_DEBUG_INFO = YES;
				ONLY_ACTIVE_ARCH = YES;
				SDKROOT = iphoneos;
				SWIFT_OPTIMIZATION_LEVEL = "-Onone";
				SWIFT_VERSION = 5.0;
				TARGETED_DEVICE_FAMILY = "1,2";
				VERSIONING_SYSTEM = "apple-generic";
				VERSION_INFO_PREFIX = "";
			};
			name = Debug;
		};
		303B27DD1C121E5A0003795C /* Release */ = {
			isa = XCBuildConfiguration;
			buildSettings = {
				ALWAYS_SEARCH_USER_PATHS = NO;
				CLANG_ANALYZER_LOCALIZABILITY_NONLOCALIZED = YES;
				CLANG_CXX_LANGUAGE_STANDARD = "gnu++0x";
				CLANG_CXX_LIBRARY = "libc++";
				CLANG_ENABLE_MODULES = YES;
				CLANG_ENABLE_OBJC_ARC = YES;
				CLANG_WARN_BLOCK_CAPTURE_AUTORELEASING = YES;
				CLANG_WARN_BOOL_CONVERSION = YES;
				CLANG_WARN_COMMA = YES;
				CLANG_WARN_CONSTANT_CONVERSION = YES;
				CLANG_WARN_DEPRECATED_OBJC_IMPLEMENTATIONS = YES;
				CLANG_WARN_DIRECT_OBJC_ISA_USAGE = YES_ERROR;
				CLANG_WARN_EMPTY_BODY = YES;
				CLANG_WARN_ENUM_CONVERSION = YES;
				CLANG_WARN_INFINITE_RECURSION = YES;
				CLANG_WARN_INT_CONVERSION = YES;
				CLANG_WARN_NON_LITERAL_NULL_CONVERSION = YES;
				CLANG_WARN_OBJC_IMPLICIT_RETAIN_SELF = YES;
				CLANG_WARN_OBJC_LITERAL_CONVERSION = YES;
				CLANG_WARN_OBJC_ROOT_CLASS = YES_ERROR;
				CLANG_WARN_RANGE_LOOP_ANALYSIS = YES;
				CLANG_WARN_STRICT_PROTOTYPES = YES;
				CLANG_WARN_SUSPICIOUS_MOVE = YES;
				CLANG_WARN_UNREACHABLE_CODE = YES;
				CLANG_WARN__DUPLICATE_METHOD_MATCH = YES;
				"CODE_SIGN_IDENTITY[sdk=iphoneos*]" = "iPhone Developer";
				COPY_PHASE_STRIP = NO;
				CURRENT_PROJECT_VERSION = 1;
				DEBUG_INFORMATION_FORMAT = "dwarf-with-dsym";
				ENABLE_NS_ASSERTIONS = NO;
				ENABLE_STRICT_OBJC_MSGSEND = YES;
				GCC_C_LANGUAGE_STANDARD = gnu99;
				GCC_NO_COMMON_BLOCKS = YES;
				GCC_WARN_64_TO_32_BIT_CONVERSION = YES;
				GCC_WARN_ABOUT_RETURN_TYPE = YES_ERROR;
				GCC_WARN_UNDECLARED_SELECTOR = YES;
				GCC_WARN_UNINITIALIZED_AUTOS = YES_AGGRESSIVE;
				GCC_WARN_UNUSED_FUNCTION = YES;
				GCC_WARN_UNUSED_VARIABLE = YES;
				IPHONEOS_DEPLOYMENT_TARGET = 9.1;
				MTL_ENABLE_DEBUG_INFO = NO;
				SDKROOT = iphoneos;
				SWIFT_COMPILATION_MODE = wholemodule;
				SWIFT_VERSION = 5.0;
				TARGETED_DEVICE_FAMILY = "1,2";
				VALIDATE_PRODUCT = YES;
				VERSIONING_SYSTEM = "apple-generic";
				VERSION_INFO_PREFIX = "";
			};
			name = Release;
		};
		303B27DF1C121E5A0003795C /* Debug */ = {
			isa = XCBuildConfiguration;
			buildSettings = {
				DEFINES_MODULE = YES;
				DYLIB_COMPATIBILITY_VERSION = 1;
				DYLIB_CURRENT_VERSION = 1;
				DYLIB_INSTALL_NAME_BASE = "@rpath";
				INFOPLIST_FILE = "$(SRCROOT)/RecyclingCenter/Info-iOS.plist";
				INSTALL_PATH = "$(LOCAL_LIBRARY_DIR)/Frameworks";
				IPHONEOS_DEPLOYMENT_TARGET = 8.0;
				LD_RUNPATH_SEARCH_PATHS = "$(inherited) @executable_path/Frameworks @loader_path/Frameworks";
				PRODUCT_BUNDLE_IDENTIFIER = com.nuudles.RecyclingCenter;
				PRODUCT_NAME = RecyclingCenter;
				SKIP_INSTALL = YES;
			};
			name = Debug;
		};
		303B27E01C121E5A0003795C /* Release */ = {
			isa = XCBuildConfiguration;
			buildSettings = {
				DEFINES_MODULE = YES;
				DYLIB_COMPATIBILITY_VERSION = 1;
				DYLIB_CURRENT_VERSION = 1;
				DYLIB_INSTALL_NAME_BASE = "@rpath";
				INFOPLIST_FILE = "$(SRCROOT)/RecyclingCenter/Info-iOS.plist";
				INSTALL_PATH = "$(LOCAL_LIBRARY_DIR)/Frameworks";
				IPHONEOS_DEPLOYMENT_TARGET = 8.0;
				LD_RUNPATH_SEARCH_PATHS = "$(inherited) @executable_path/Frameworks @loader_path/Frameworks";
				PRODUCT_BUNDLE_IDENTIFIER = com.nuudles.RecyclingCenter;
				PRODUCT_NAME = RecyclingCenter;
				SKIP_INSTALL = YES;
			};
			name = Release;
		};
		303B27EC1C121EF60003795C /* Debug */ = {
			isa = XCBuildConfiguration;
			buildSettings = {
				DEFINES_MODULE = YES;
				DYLIB_COMPATIBILITY_VERSION = 1;
				DYLIB_CURRENT_VERSION = 1;
				DYLIB_INSTALL_NAME_BASE = "@rpath";
				INFOPLIST_FILE = "$(SRCROOT)/Info-tvOS.plist";
				INSTALL_PATH = "$(LOCAL_LIBRARY_DIR)/Frameworks";
				IPHONEOS_DEPLOYMENT_TARGET = 8.0;
				LD_RUNPATH_SEARCH_PATHS = "$(inherited) @executable_path/Frameworks @loader_path/Frameworks";
				PRODUCT_BUNDLE_IDENTIFIER = com.nuudles.RecyclingCenter;
				PRODUCT_NAME = RecyclingCenter;
				SDKROOT = appletvos;
				SKIP_INSTALL = YES;
				TARGETED_DEVICE_FAMILY = 3;
				TVOS_DEPLOYMENT_TARGET = 9.0;
			};
			name = Debug;
		};
		303B27ED1C121EF60003795C /* Release */ = {
			isa = XCBuildConfiguration;
			buildSettings = {
				DEFINES_MODULE = YES;
				DYLIB_COMPATIBILITY_VERSION = 1;
				DYLIB_CURRENT_VERSION = 1;
				DYLIB_INSTALL_NAME_BASE = "@rpath";
				INFOPLIST_FILE = "$(SRCROOT)/Info-tvOS.plist";
				INSTALL_PATH = "$(LOCAL_LIBRARY_DIR)/Frameworks";
				IPHONEOS_DEPLOYMENT_TARGET = 8.0;
				LD_RUNPATH_SEARCH_PATHS = "$(inherited) @executable_path/Frameworks @loader_path/Frameworks";
				PRODUCT_BUNDLE_IDENTIFIER = com.nuudles.RecyclingCenter;
				PRODUCT_NAME = RecyclingCenter;
				SDKROOT = appletvos;
				SKIP_INSTALL = YES;
				TARGETED_DEVICE_FAMILY = 3;
				TVOS_DEPLOYMENT_TARGET = 9.0;
			};
			name = Release;
		};
/* End XCBuildConfiguration section */

/* Begin XCConfigurationList section */
		302908B11C160A5800F748C4 /* Build configuration list for PBXNativeTarget "RecyclingCenterTests" */ = {
			isa = XCConfigurationList;
			buildConfigurations = (
				302908B21C160A5800F748C4 /* Debug */,
				302908B31C160A5800F748C4 /* Release */,
			);
			defaultConfigurationIsVisible = 0;
			defaultConfigurationName = Release;
		};
		303B27D01C121E5A0003795C /* Build configuration list for PBXProject "RecyclingCenter" */ = {
			isa = XCConfigurationList;
			buildConfigurations = (
				303B27DC1C121E5A0003795C /* Debug */,
				303B27DD1C121E5A0003795C /* Release */,
			);
			defaultConfigurationIsVisible = 0;
			defaultConfigurationName = Release;
		};
		303B27DE1C121E5A0003795C /* Build configuration list for PBXNativeTarget "RecyclingCenter-iOS" */ = {
			isa = XCConfigurationList;
			buildConfigurations = (
				303B27DF1C121E5A0003795C /* Debug */,
				303B27E01C121E5A0003795C /* Release */,
			);
			defaultConfigurationIsVisible = 0;
			defaultConfigurationName = Release;
		};
		303B27EB1C121EF60003795C /* Build configuration list for PBXNativeTarget "RecyclingCenter-tvOS" */ = {
			isa = XCConfigurationList;
			buildConfigurations = (
				303B27EC1C121EF60003795C /* Debug */,
				303B27ED1C121EF60003795C /* Release */,
			);
			defaultConfigurationIsVisible = 0;
			defaultConfigurationName = Release;
		};
/* End XCConfigurationList section */
	};
	rootObject = 303B27CD1C121E5A0003795C /* Project object */;
}
