// !$*UTF8*$!
{
	archiveVersion = 1;
	classes = {
	};
	objectVersion = 46;
	objects = {

/* Begin PBXGroup section */
		98015CE91C04F36600C8B2E9 = {
			isa = PBXGroup;
			children = (
			);
			sourceTree = "<group>";
		};
/* End PBXGroup section */

/* Begin PBXProject section */
		98015CEA1C04F36600C8B2E9 /* Project object */ = {
			isa = PBXProject;
			attributes = {
				LastUpgradeCheck = 0710;
			};
			buildConfigurationList = 98015CED1C04F36600C8B2E9 /* Build configuration list for PBXProject "RecyclingCenterTests" */;
			compatibilityVersion = "Xcode 3.2";
			developmentRegion = English;
			hasScannedForEncodings = 0;
			knownRegions = (
				en,
			);
			mainGroup = 98015CE91C04F36600C8B2E9;
			projectDirPath = "";
			projectRoot = "";
			targets = (
			);
		};
/* End PBXProject section */

/* Begin XCBuildConfiguration section */
		98015CEE1C04F36600C8B2E9 /* Debug */ = {
			isa = XCBuildConfiguration;
			buildSettings = {
			};
			name = Debug;
		};
		98015CEF1C04F36600C8B2E9 /* Release */ = {
			isa = XCBuildConfiguration;
			buildSettings = {
			};
			name = Release;
		};
/* End XCBuildConfiguration section */

/* Begin XCConfigurationList section */
		98015CED1C04F36600C8B2E9 /* Build configuration list for PBXProject "RecyclingCenterTests" */ = {
			isa = XCConfigurationList;
			buildConfigurations = (
				98015CEE1C04F36600C8B2E9 /* Debug */,
				98015CEF1C04F36600C8B2E9 /* Release */,
			);
			defaultConfigurationIsVisible = 0;
			defaultConfigurationName = Release;
		};
/* End XCConfigurationList section */
	};
	rootObject = 98015CEA1C04F36600C8B2E9 /* Project object */;
}
